# This file is automatically @generated by Cargo.
# It is not intended for manual editing.
version = 4

[[package]]
name = "rikulox-ast"
version = "0.1.0"

[[package]]
name = "rikulox-parse"
version = "0.1.0"

[[package]]
name = "rikulox-treewalk"
version = "0.1.0"

[[package]]
name = "rikulox-vm"
version = "0.1.0"
